
Microsoft Visual Studio Solution File, Format Version 12.00
# Visual Studio Version 16
VisualStudioVersion = 16.0.810.25
MinimumVisualStudioVersion = 10.0.40219.1
Project("{FAE04EC0-301F-11D3-BF4B-00C04F79EFBC}") = "Cooking_Project", "Cooking_Project.csproj", "{C4C02D3F-77A6-48F1-A71C-A0293BC35A51}"
EndProject
Global
	GlobalSection(SolutionConfigurationPlatforms) = preSolution
		Debug|anycpu = Debug|anycpu
		Release|anycpu = Release|anycpu
	EndGlobalSection
	GlobalSection(ProjectConfigurationPlatforms) = postSolution
		{C4C02D3F-77A6-48F1-A71C-A0293BC35A51}.Debug|anycpu.ActiveCfg = Debug|anycpu
		{C4C02D3F-77A6-48F1-A71C-A0293BC35A51}.Debug|anycpu.Build.0 = Debug|anycpu
		{C4C02D3F-77A6-48F1-A71C-A0293BC35A51}.Release|anycpu.ActiveCfg = Release|anycpu
		{C4C02D3F-77A6-48F1-A71C-A0293BC35A51}.Release|anycpu.Build.0 = Release|anycpu
	EndGlobalSection
	GlobalSection(SolutionProperties) = preSolution
		HideSolutionNode = FALSE
	EndGlobalSection
	GlobalSection(ExtensibilityGlobals) = postSolution
		SolutionGuid = {67209942-D4D3-43B7-85ED-F16413C4B701}
	EndGlobalSection
EndGlobal
